// !$*UTF8*$!
{
	archiveVersion = 1;
	classes = {
	};
	objectVersion = 77;
	objects = {

/* Begin PBXContainerItemProxy section */
		412E5B492CAFF8AC00B1EFBA /* PBXContainerItemProxy */ = {
			isa = PBXContainerItemProxy;
			containerPortal = 412E5B302CAFF8AB00B1EFBA /* Project object */;
			proxyType = 1;
			remoteGlobalIDString = 412E5B372CAFF8AB00B1EFBA;
			remoteInfo = "AI-BOT";
		};
		412E5B532CAFF8AC00B1EFBA /* PBXContainerItemProxy */ = {
			isa = PBXContainerItemProxy;
			containerPortal = 412E5B302CAFF8AB00B1EFBA /* Project object */;
			proxyType = 1;
			remoteGlobalIDString = 412E5B372CAFF8AB00B1EFBA;
			remoteInfo = "AI-BOT";
		};
/* End PBXContainerItemProxy section */

/* Begin PBXFileReference section */
		412E5B382CAFF8AB00B1EFBA /* AI-BOT.app */ = {isa = PBXFileReference; explicitFileType = wrapper.application; includeInIndex = 0; path = "AI-BOT.app"; sourceTree = BUILT_PRODUCTS_DIR; };
		412E5B482CAFF8AC00B1EFBA /* AI-BOTTests.xctest */ = {isa = PBXFileReference; explicitFileType = wrapper.cfbundle; includeInIndex = 0; path = "AI-BOTTests.xctest"; sourceTree = BUILT_PRODUCTS_DIR; };
		412E5B522CAFF8AC00B1EFBA /* AI-BOTUITests.xctest */ = {isa = PBXFileReference; explicitFileType = wrapper.cfbundle; includeInIndex = 0; path = "AI-BOTUITests.xctest"; sourceTree = BUILT_PRODUCTS_DIR; };
/* End PBXFileReference section */

/* Begin PBXFileSystemSynchronizedRootGroup section */
		412E5B3A2CAFF8AB00B1EFBA /* AI-BOT */ = {
			isa = PBXFileSystemSynchronizedRootGroup;
			path = "AI-BOT";
			sourceTree = "<group>";
		};
		412E5B4B2CAFF8AC00B1EFBA /* AI-BOTTests */ = {
			isa = PBXFileSystemSynchronizedRootGroup;
			path = "AI-BOTTests";
			sourceTree = "<group>";
		};
		412E5B552CAFF8AC00B1EFBA /* AI-BOTUITests */ = {
			isa = PBXFileSystemSynchronizedRootGroup;
			path = "AI-BOTUITests";
			sourceTree = "<group>";
		};
/* End PBXFileSystemSynchronizedRootGroup section */

/* Begin PBXFrameworksBuildPhase section */
		412E5B352CAFF8AB00B1EFBA /* Frameworks */ = {
			isa = PBXFrameworksBuildPhase;
			buildActionMask = 2147483647;
			files = (
			);
			runOnlyForDeploymentPostprocessing = 0;
		};
		412E5B452CAFF8AC00B1EFBA /* Frameworks */ = {
			isa = PBXFrameworksBuildPhase;
			buildActionMask = 2147483647;
			files = (
			);
			runOnlyForDeploymentPostprocessing = 0;
		};
		412E5B4F2CAFF8AC00B1EFBA /* Frameworks */ = {
			isa = PBXFrameworksBuildPhase;
			buildActionMask = 2147483647;
			files = (
			);
			runOnlyForDeploymentPostprocessing = 0;
		};
/* End PBXFrameworksBuildPhase section */

/* Begin PBXGroup section */
		412E5B2F2CAFF8AB00B1EFBA = {
			isa = PBXGroup;
			children = (
				412E5B3A2CAFF8AB00B1EFBA /* AI-BOT */,
				412E5B4B2CAFF8AC00B1EFBA /* AI-BOTTests */,
				412E5B552CAFF8AC00B1EFBA /* AI-BOTUITests */,
				412E5B392CAFF8AB00B1EFBA /* Products */,
			);
			sourceTree = "<group>";
		};
		412E5B392CAFF8AB00B1EFBA /* Products */ = {
			isa = PBXGroup;
			children = (
				412E5B382CAFF8AB00B1EFBA /* AI-BOT.app */,
				412E5B482CAFF8AC00B1EFBA /* AI-BOTTests.xctest */,
				412E5B522CAFF8AC00B1EFBA /* AI-BOTUITests.xctest */,
			);
			name = Products;
			sourceTree = "<group>";
		};
/* End PBXGroup section */

/* Begin PBXNativeTarget section */
		412E5B372CAFF8AB00B1EFBA /* AI-BOT */ = {
			isa = PBXNativeTarget;
			buildConfigurationList = 412E5B5C2CAFF8AC00B1EFBA /* Build configuration list for PBXNativeTarget "AI-BOT" */;
			buildPhases = (
				412E5B342CAFF8AB00B1EFBA /* Sources */,
				412E5B352CAFF8AB00B1EFBA /* Frameworks */,
				412E5B362CAFF8AB00B1EFBA /* Resources */,
			);
			buildRules = (
			);
			dependencies = (
			);
			fileSystemSynchronizedGroups = (
				412E5B3A2CAFF8AB00B1EFBA /* AI-BOT */,
			);
			name = "AI-BOT";
			packageProductDependencies = (
			);
			productName = "AI-BOT";
			productReference = 412E5B382CAFF8AB00B1EFBA /* AI-BOT.app */;
			productType = "com.apple.product-type.application";
		};
		412E5B472CAFF8AC00B1EFBA /* AI-BOTTests */ = {
			isa = PBXNativeTarget;
			buildConfigurationList = 412E5B5F2CAFF8AC00B1EFBA /* Build configuration list for PBXNativeTarget "AI-BOTTests" */;
			buildPhases = (
				412E5B442CAFF8AC00B1EFBA /* Sources */,
				412E5B452CAFF8AC00B1EFBA /* Frameworks */,
				412E5B462CAFF8AC00B1EFBA /* Resources */,
			);
			buildRules = (
			);
			dependencies = (
				412E5B4A2CAFF8AC00B1EFBA /* PBXTargetDependency */,
			);
			fileSystemSynchronizedGroups = (
				412E5B4B2CAFF8AC00B1EFBA /* AI-BOTTests */,
			);
			name = "AI-BOTTests";
			packageProductDependencies = (
			);
			productName = "AI-BOTTests";
			productReference = 412E5B482CAFF8AC00B1EFBA /* AI-BOTTests.xctest */;
			productType = "com.apple.product-type.bundle.unit-test";
		};
		412E5B512CAFF8AC00B1EFBA /* AI-BOTUITests */ = {
			isa = PBXNativeTarget;
			buildConfigurationList = 412E5B622CAFF8AC00B1EFBA /* Build configuration list for PBXNativeTarget "AI-BOTUITests" */;
			buildPhases = (
				412E5B4E2CAFF8AC00B1EFBA /* Sources */,
				412E5B4F2CAFF8AC00B1EFBA /* Frameworks */,
				412E5B502CAFF8AC00B1EFBA /* Resources */,
			);
			buildRules = (
			);
			dependencies = (
				412E5B542CAFF8AC00B1EFBA /* PBXTargetDependency */,
			);
			fileSystemSynchronizedGroups = (
				412E5B552CAFF8AC00B1EFBA /* AI-BOTUITests */,
			);
			name = "AI-BOTUITests";
			packageProductDependencies = (
			);
			productName = "AI-BOTUITests";
			productReference = 412E5B522CAFF8AC00B1EFBA /* AI-BOTUITests.xctest */;
			productType = "com.apple.product-type.bundle.ui-testing";
		};
/* End PBXNativeTarget section */

/* Begin PBXProject section */
		412E5B302CAFF8AB00B1EFBA /* Project object */ = {
			isa = PBXProject;
			attributes = {
				BuildIndependentTargetsInParallel = 1;
				LastSwiftUpdateCheck = 1600;
				LastUpgradeCheck = 1600;
				TargetAttributes = {
					412E5B372CAFF8AB00B1EFBA = {
						CreatedOnToolsVersion = 16.0;
					};
					412E5B472CAFF8AC00B1EFBA = {
						CreatedOnToolsVersion = 16.0;
						TestTargetID = 412E5B372CAFF8AB00B1EFBA;
					};
					412E5B512CAFF8AC00B1EFBA = {
						CreatedOnToolsVersion = 16.0;
						TestTargetID = 412E5B372CAFF8AB00B1EFBA;
					};
				};
			};
			buildConfigurationList = 412E5B332CAFF8AB00B1EFBA /* Build configuration list for PBXProject "AI-BOT" */;
			developmentRegion = en;
			hasScannedForEncodings = 0;
			knownRegions = (
				en,
				Base,
			);
			mainGroup = 412E5B2F2CAFF8AB00B1EFBA;
			minimizedProjectReferenceProxies = 1;
			preferredProjectObjectVersion = 77;
			productRefGroup = 412E5B392CAFF8AB00B1EFBA /* Products */;
			projectDirPath = "";
			projectRoot = "";
			targets = (
				412E5B372CAFF8AB00B1EFBA /* AI-BOT */,
				412E5B472CAFF8AC00B1EFBA /* AI-BOTTests */,
				412E5B512CAFF8AC00B1EFBA /* AI-BOTUITests */,
			);
		};
/* End PBXProject section */

/* Begin PBXResourcesBuildPhase section */
		412E5B362CAFF8AB00B1EFBA /* Resources */ = {
			isa = PBXResourcesBuildPhase;
			buildActionMask = 2147483647;
			files = (
			);
			runOnlyForDeploymentPostprocessing = 0;
		};
		412E5B462CAFF8AC00B1EFBA /* Resources */ = {
			isa = PBXResourcesBuildPhase;
			buildActionMask = 2147483647;
			files = (
			);
			runOnlyForDeploymentPostprocessing = 0;
		};
		412E5B502CAFF8AC00B1EFBA /* Resources */ = {
			isa = PBXResourcesBuildPhase;
			buildActionMask = 2147483647;
			files = (
			);
			runOnlyForDeploymentPostprocessing = 0;
		};
/* End PBXResourcesBuildPhase section */

/* Begin PBXSourcesBuildPhase section */
		412E5B342CAFF8AB00B1EFBA /* Sources */ = {
			isa = PBXSourcesBuildPhase;
			buildActionMask = 2147483647;
			files = (
			);
			runOnlyForDeploymentPostprocessing = 0;
		};
		412E5B442CAFF8AC00B1EFBA /* Sources */ = {
			isa = PBXSourcesBuildPhase;
			buildActionMask = 2147483647;
			files = (
			);
			runOnlyForDeploymentPostprocessing = 0;
		};
		412E5B4E2CAFF8AC00B1EFBA /* Sources */ = {
			isa = PBXSourcesBuildPhase;
			buildActionMask = 2147483647;
			files = (
			);
			runOnlyForDeploymentPostprocessing = 0;
		};
/* End PBXSourcesBuildPhase section */

/* Begin PBXTargetDependency section */
		412E5B4A2CAFF8AC00B1EFBA /* PBXTargetDependency */ = {
			isa = PBXTargetDependency;
			target = 412E5B372CAFF8AB00B1EFBA /* AI-BOT */;
			targetProxy = 412E5B492CAFF8AC00B1EFBA /* PBXContainerItemProxy */;
		};
		412E5B542CAFF8AC00B1EFBA /* PBXTargetDependency */ = {
			isa = PBXTargetDependency;
			target = 412E5B372CAFF8AB00B1EFBA /* AI-BOT */;
			targetProxy = 412E5B532CAFF8AC00B1EFBA /* PBXContainerItemProxy */;
		};
/* End PBXTargetDependency section */

/* Begin XCBuildConfiguration section */
		412E5B5A2CAFF8AC00B1EFBA /* Debug */ = {
			isa = XCBuildConfiguration;
			buildSettings = {
				ALWAYS_SEARCH_USER_PATHS = NO;
				ASSETCATALOG_COMPILER_GENERATE_SWIFT_ASSET_SYMBOL_EXTENSIONS = YES;
				CLANG_ANALYZER_NONNULL = YES;
				CLANG_ANALYZER_NUMBER_OBJECT_CONVERSION = YES_AGGRESSIVE;
				CLANG_CXX_LANGUAGE_STANDARD = "gnu++20";
				CLANG_ENABLE_MODULES = YES;
				CLANG_ENABLE_OBJC_ARC = YES;
				CLANG_ENABLE_OBJC_WEAK = YES;
				CLANG_WARN_BLOCK_CAPTURE_AUTORELEASING = YES;
				CLANG_WARN_BOOL_CONVERSION = YES;
				CLANG_WARN_COMMA = YES;
				CLANG_WARN_CONSTANT_CONVERSION = YES;
				CLANG_WARN_DEPRECATED_OBJC_IMPLEMENTATIONS = YES;
				CLANG_WARN_DIRECT_OBJC_ISA_USAGE = YES_ERROR;
				CLANG_WARN_DOCUMENTATION_COMMENTS = YES;
				CLANG_WARN_EMPTY_BODY = YES;
				CLANG_WARN_ENUM_CONVERSION = YES;
				CLANG_WARN_INFINITE_RECURSION = YES;
				CLANG_WARN_INT_CONVERSION = YES;
				CLANG_WARN_NON_LITERAL_NULL_CONVERSION = YES;
				CLANG_WARN_OBJC_IMPLICIT_RETAIN_SELF = YES;
				CLANG_WARN_OBJC_LITERAL_CONVERSION = YES;
				CLANG_WARN_OBJC_ROOT_CLASS = YES_ERROR;
				CLANG_WARN_QUOTED_INCLUDE_IN_FRAMEWORK_HEADER = YES;
				CLANG_WARN_RANGE_LOOP_ANALYSIS = YES;
				CLANG_WARN_STRICT_PROTOTYPES = YES;
				CLANG_WARN_SUSPICIOUS_MOVE = YES;
				CLANG_WARN_UNGUARDED_AVAILABILITY = YES_AGGRESSIVE;
				CLANG_WARN_UNREACHABLE_CODE = YES;
				CLANG_WARN__DUPLICATE_METHOD_MATCH = YES;
				COPY_PHASE_STRIP = NO;
				DEBUG_INFORMATION_FORMAT = dwarf;
				ENABLE_STRICT_OBJC_MSGSEND = YES;
				ENABLE_TESTABILITY = YES;
				ENABLE_USER_SCRIPT_SANDBOXING = YES;
				GCC_C_LANGUAGE_STANDARD = gnu17;
				GCC_DYNAMIC_NO_PIC = NO;
				GCC_NO_COMMON_BLOCKS = YES;
				GCC_OPTIMIZATION_LEVEL = 0;
				GCC_PREPROCESSOR_DEFINITIONS = (
					"DEBUG=1",
					"$(inherited)",
				);
				GCC_WARN_64_TO_32_BIT_CONVERSION = YES;
				GCC_WARN_ABOUT_RETURN_TYPE = YES_ERROR;
				GCC_WARN_UNDECLARED_SELECTOR = YES;
				GCC_WARN_UNINITIALIZED_AUTOS = YES_AGGRESSIVE;
				GCC_WARN_UNUSED_FUNCTION = YES;
				GCC_WARN_UNUSED_VARIABLE = YES;
				IPHONEOS_DEPLOYMENT_TARGET = 18.0;
				LOCALIZATION_PREFERS_STRING_CATALOGS = YES;
				MTL_ENABLE_DEBUG_INFO = INCLUDE_SOURCE;
				MTL_FAST_MATH = YES;
				ONLY_ACTIVE_ARCH = YES;
				SDKROOT = iphoneos;
				SWIFT_ACTIVE_COMPILATION_CONDITIONS = "DEBUG $(inherited)";
				SWIFT_OPTIMIZATION_LEVEL = "-Onone";
			};
			name = Debug;
		};
		412E5B5B2CAFF8AC00B1EFBA /* Release */ = {
			isa = XCBuildConfiguration;
			buildSettings = {
				ALWAYS_SEARCH_USER_PATHS = NO;
				ASSETCATALOG_COMPILER_GENERATE_SWIFT_ASSET_SYMBOL_EXTENSIONS = YES;
				CLANG_ANALYZER_NONNULL = YES;
				CLANG_ANALYZER_NUMBER_OBJECT_CONVERSION = YES_AGGRESSIVE;
				CLANG_CXX_LANGUAGE_STANDARD = "gnu++20";
				CLANG_ENABLE_MODULES = YES;
				CLANG_ENABLE_OBJC_ARC = YES;
				CLANG_ENABLE_OBJC_WEAK = YES;
				CLANG_WARN_BLOCK_CAPTURE_AUTORELEASING = YES;
				CLANG_WARN_BOOL_CONVERSION = YES;
				CLANG_WARN_COMMA = YES;
				CLANG_WARN_CONSTANT_CONVERSION = YES;
				CLANG_WARN_DEPRECATED_OBJC_IMPLEMENTATIONS = YES;
				CLANG_WARN_DIRECT_OBJC_ISA_USAGE = YES_ERROR;
				CLANG_WARN_DOCUMENTATION_COMMENTS = YES;
				CLANG_WARN_EMPTY_BODY = YES;
				CLANG_WARN_ENUM_CONVERSION = YES;
				CLANG_WARN_INFINITE_RECURSION = YES;
				CLANG_WARN_INT_CONVERSION = YES;
				CLANG_WARN_NON_LITERAL_NULL_CONVERSION = YES;
				CLANG_WARN_OBJC_IMPLICIT_RETAIN_SELF = YES;
				CLANG_WARN_OBJC_LITERAL_CONVERSION = YES;
				CLANG_WARN_OBJC_ROOT_CLASS = YES_ERROR;
				CLANG_WARN_QUOTED_INCLUDE_IN_FRAMEWORK_HEADER = YES;
				CLANG_WARN_RANGE_LOOP_ANALYSIS = YES;
				CLANG_WARN_STRICT_PROTOTYPES = YES;
				CLANG_WARN_SUSPICIOUS_MOVE = YES;
				CLANG_WARN_UNGUARDED_AVAILABILITY = YES_AGGRESSIVE;
				CLANG_WARN_UNREACHABLE_CODE = YES;
				CLANG_WARN__DUPLICATE_METHOD_MATCH = YES;
				COPY_PHASE_STRIP = NO;
				DEBUG_INFORMATION_FORMAT = "dwarf-with-dsym";
				ENABLE_NS_ASSERTIONS = NO;
				ENABLE_STRICT_OBJC_MSGSEND = YES;
				ENABLE_USER_SCRIPT_SANDBOXING = YES;
				GCC_C_LANGUAGE_STANDARD = gnu17;
				GCC_NO_COMMON_BLOCKS = YES;
				GCC_WARN_64_TO_32_BIT_CONVERSION = YES;
				GCC_WARN_ABOUT_RETURN_TYPE = YES_ERROR;
				GCC_WARN_UNDECLARED_SELECTOR = YES;
				GCC_WARN_UNINITIALIZED_AUTOS = YES_AGGRESSIVE;
				GCC_WARN_UNUSED_FUNCTION = YES;
				GCC_WARN_UNUSED_VARIABLE = YES;
				IPHONEOS_DEPLOYMENT_TARGET = 18.0;
				LOCALIZATION_PREFERS_STRING_CATALOGS = YES;
				MTL_ENABLE_DEBUG_INFO = NO;
				MTL_FAST_MATH = YES;
				SDKROOT = iphoneos;
				SWIFT_COMPILATION_MODE = wholemodule;
				VALIDATE_PRODUCT = YES;
			};
			name = Release;
		};
		412E5B5D2CAFF8AC00B1EFBA /* Debug */ = {
			isa = XCBuildConfiguration;
			buildSettings = {
				ASSETCATALOG_COMPILER_APPICON_NAME = AppIcon;
				ASSETCATALOG_COMPILER_GLOBAL_ACCENT_COLOR_NAME = AccentColor;
				CODE_SIGN_STYLE = Automatic;
				CURRENT_PROJECT_VERSION = 1;
				DEVELOPMENT_ASSET_PATHS = "\"AI-BOT/Preview Content\"";
				ENABLE_PREVIEWS = YES;
				GENERATE_INFOPLIST_FILE = YES;
				INFOPLIST_KEY_UIApplicationSceneManifest_Generation = YES;
				INFOPLIST_KEY_UIApplicationSupportsIndirectInputEvents = YES;
				INFOPLIST_KEY_UILaunchScreen_Generation = YES;
				INFOPLIST_KEY_UISupportedInterfaceOrientations_iPad = "UIInterfaceOrientationPortrait UIInterfaceOrientationPortraitUpsideDown UIInterfaceOrientationLandscapeLeft UIInterfaceOrientationLandscapeRight";
				INFOPLIST_KEY_UISupportedInterfaceOrientations_iPhone = "UIInterfaceOrientationPortrait UIInterfaceOrientationLandscapeLeft UIInterfaceOrientationLandscapeRight";
				LD_RUNPATH_SEARCH_PATHS = (
					"$(inherited)",
					"@executable_path/Frameworks",
				);
				MARKETING_VERSION = 1.0;
				PRODUCT_BUNDLE_IDENTIFIER = "co.marklo.aibot.AI-BOT";
				PRODUCT_NAME = "$(TARGET_NAME)";
				SWIFT_EMIT_LOC_STRINGS = YES;
				SWIFT_VERSION = 5.0;
				TARGETED_DEVICE_FAMILY = "1,2";
			};
			name = Debug;
		};
		412E5B5E2CAFF8AC00B1EFBA /* Release */ = {
			isa = XCBuildConfiguration;
			buildSettings = {
				ASSETCATALOG_COMPILER_APPICON_NAME = AppIcon;
				ASSETCATALOG_COMPILER_GLOBAL_ACCENT_COLOR_NAME = AccentColor;
				CODE_SIGN_STYLE = Automatic;
				CURRENT_PROJECT_VERSION = 1;
				DEVELOPMENT_ASSET_PATHS = "\"AI-BOT/Preview Content\"";
				ENABLE_PREVIEWS = YES;
				GENERATE_INFOPLIST_FILE = YES;
				INFOPLIST_KEY_UIApplicationSceneManifest_Generation = YES;
				INFOPLIST_KEY_UIApplicationSupportsIndirectInputEvents = YES;
				INFOPLIST_KEY_UILaunchScreen_Generation = YES;
				INFOPLIST_KEY_UISupportedInterfaceOrientations_iPad = "UIInterfaceOrientationPortrait UIInterfaceOrientationPortraitUpsideDown UIInterfaceOrientationLandscapeLeft UIInterfaceOrientationLandscapeRight";
				INFOPLIST_KEY_UISupportedInterfaceOrientations_iPhone = "UIInterfaceOrientationPortrait UIInterfaceOrientationLandscapeLeft UIInterfaceOrientationLandscapeRight";
				LD_RUNPATH_SEARCH_PATHS = (
					"$(inherited)",
					"@executable_path/Frameworks",
				);
				MARKETING_VERSION = 1.0;
				PRODUCT_BUNDLE_IDENTIFIER = "co.marklo.aibot.AI-BOT";
				PRODUCT_NAME = "$(TARGET_NAME)";
				SWIFT_EMIT_LOC_STRINGS = YES;
				SWIFT_VERSION = 5.0;
				TARGETED_DEVICE_FAMILY = "1,2";
			};
			name = Release;
		};
		412E5B602CAFF8AC00B1EFBA /* Debug */ = {
			isa = XCBuildConfiguration;
			buildSettings = {
				BUNDLE_LOADER = "$(TEST_HOST)";
				CODE_SIGN_STYLE = Automatic;
				CURRENT_PROJECT_VERSION = 1;
				GENERATE_INFOPLIST_FILE = YES;
				IPHONEOS_DEPLOYMENT_TARGET = 18.0;
				MARKETING_VERSION = 1.0;
				PRODUCT_BUNDLE_IDENTIFIER = "co.marklo.aibot.AI-BOTTests";
				PRODUCT_NAME = "$(TARGET_NAME)";
				SWIFT_EMIT_LOC_STRINGS = NO;
				SWIFT_VERSION = 5.0;
				TARGETED_DEVICE_FAMILY = "1,2";
				TEST_HOST = "$(BUILT_PRODUCTS_DIR)/AI-BOT.app/$(BUNDLE_EXECUTABLE_FOLDER_PATH)/AI-BOT";
			};
			name = Debug;
		};
		412E5B612CAFF8AC00B1EFBA /* Release */ = {
			isa = XCBuildConfiguration;
			buildSettings = {
				BUNDLE_LOADER = "$(TEST_HOST)";
				CODE_SIGN_STYLE = Automatic;
				CURRENT_PROJECT_VERSION = 1;
				GENERATE_INFOPLIST_FILE = YES;
				IPHONEOS_DEPLOYMENT_TARGET = 18.0;
				MARKETING_VERSION = 1.0;
				PRODUCT_BUNDLE_IDENTIFIER = "co.marklo.aibot.AI-BOTTests";
				PRODUCT_NAME = "$(TARGET_NAME)";
				SWIFT_EMIT_LOC_STRINGS = NO;
				SWIFT_VERSION = 5.0;
				TARGETED_DEVICE_FAMILY = "1,2";
				TEST_HOST = "$(BUILT_PRODUCTS_DIR)/AI-BOT.app/$(BUNDLE_EXECUTABLE_FOLDER_PATH)/AI-BOT";
			};
			name = Release;
		};
		412E5B632CAFF8AC00B1EFBA /* Debug */ = {
			isa = XCBuildConfiguration;
			buildSettings = {
				CODE_SIGN_STYLE = Automatic;
				CURRENT_PROJECT_VERSION = 1;
				GENERATE_INFOPLIST_FILE = YES;
				MARKETING_VERSION = 1.0;
				PRODUCT_BUNDLE_IDENTIFIER = "co.marklo.aibot.AI-BOTUITests";
				PRODUCT_NAME = "$(TARGET_NAME)";
				SWIFT_EMIT_LOC_STRINGS = NO;
				SWIFT_VERSION = 5.0;
				TARGETED_DEVICE_FAMILY = "1,2";
				TEST_TARGET_NAME = "AI-BOT";
			};
			name = Debug;
		};
		412E5B642CAFF8AC00B1EFBA /* Release */ = {
			isa = XCBuildConfiguration;
			buildSettings = {
				CODE_SIGN_STYLE = Automatic;
				CURRENT_PROJECT_VERSION = 1;
				GENERATE_INFOPLIST_FILE = YES;
				MARKETING_VERSION = 1.0;
				PRODUCT_BUNDLE_IDENTIFIER = "co.marklo.aibot.AI-BOTUITests";
				PRODUCT_NAME = "$(TARGET_NAME)";
				SWIFT_EMIT_LOC_STRINGS = NO;
				SWIFT_VERSION = 5.0;
				TARGETED_DEVICE_FAMILY = "1,2";
				TEST_TARGET_NAME = "AI-BOT";
			};
			name = Release;
		};
/* End XCBuildConfiguration section */

/* Begin XCConfigurationList section */
		412E5B332CAFF8AB00B1EFBA /* Build configuration list for PBXProject "AI-BOT" */ = {
			isa = XCConfigurationList;
			buildConfigurations = (
				412E5B5A2CAFF8AC00B1EFBA /* Debug */,
				412E5B5B2CAFF8AC00B1EFBA /* Release */,
			);
			defaultConfigurationIsVisible = 0;
			defaultConfigurationName = Release;
		};
		412E5B5C2CAFF8AC00B1EFBA /* Build configuration list for PBXNativeTarget "AI-BOT" */ = {
			isa = XCConfigurationList;
			buildConfigurations = (
				412E5B5D2CAFF8AC00B1EFBA /* Debug */,
				412E5B5E2CAFF8AC00B1EFBA /* Release */,
			);
			defaultConfigurationIsVisible = 0;
			defaultConfigurationName = Release;
		};
		412E5B5F2CAFF8AC00B1EFBA /* Build configuration list for PBXNativeTarget "AI-BOTTests" */ = {
			isa = XCConfigurationList;
			buildConfigurations = (
				412E5B602CAFF8AC00B1EFBA /* Debug */,
				412E5B612CAFF8AC00B1EFBA /* Release */,
			);
			defaultConfigurationIsVisible = 0;
			defaultConfigurationName = Release;
		};
		412E5B622CAFF8AC00B1EFBA /* Build configuration list for PBXNativeTarget "AI-BOTUITests" */ = {
			isa = XCConfigurationList;
			buildConfigurations = (
				412E5B632CAFF8AC00B1EFBA /* Debug */,
				412E5B642CAFF8AC00B1EFBA /* Release */,
			);
			defaultConfigurationIsVisible = 0;
			defaultConfigurationName = Release;
		};
/* End XCConfigurationList section */
	};
	rootObject = 412E5B302CAFF8AB00B1EFBA /* Project object */;
}
